
Microsoft Visual Studio Solution File, Format Version 12.00
# Visual Studio Version 17
VisualStudioVersion = 17.0.31903.59
MinimumVisualStudioVersion = 10.0.40219.1
Project("{FAE04EC0-301F-11D3-BF4B-00C04F79EFBC}") = "ColorSpheres", "ColorSpheres\ColorSpheres.csproj", "{4F1B1451-394A-4788-A98C-A77DB74D53FB}"
EndProject
Project("{FAE04EC0-301F-11D3-BF4B-00C04F79EFBC}") = "BetterColorSpheres", "BetterColorSpheres\BetterColorSpheres.csproj", "{E4B8017C-FA21-45A1-814E-D05E72D9C64E}"
EndProject
Project("{FAE04EC0-301F-11D3-BF4B-00C04F79EFBC}") = "PlayerStats", "PlayerStats\PlayerStats.csproj", "{5ECA2E38-AC94-4854-A782-1010CBBCD3D0}"
EndProject
Global
	GlobalSection(SolutionConfigurationPlatforms) = preSolution
		Debug|Any CPU = Debug|Any CPU
		Debug|x64 = Debug|x64
		Debug|x86 = Debug|x86
		Release|Any CPU = Release|Any CPU
		Release|x64 = Release|x64
		Release|x86 = Release|x86
	EndGlobalSection
	GlobalSection(ProjectConfigurationPlatforms) = postSolution
		{4F1B1451-394A-4788-A98C-A77DB74D53FB}.Debug|Any CPU.ActiveCfg = Debug|Any CPU
		{4F1B1451-394A-4788-A98C-A77DB74D53FB}.Debug|Any CPU.Build.0 = Debug|Any CPU
		{4F1B1451-394A-4788-A98C-A77DB74D53FB}.Debug|x64.ActiveCfg = Debug|Any CPU
		{4F1B1451-394A-4788-A98C-A77DB74D53FB}.Debug|x64.Build.0 = Debug|Any CPU
		{4F1B1451-394A-4788-A98C-A77DB74D53FB}.Debug|x86.ActiveCfg = Debug|Any CPU
		{4F1B1451-394A-4788-A98C-A77DB74D53FB}.Debug|x86.Build.0 = Debug|Any CPU
		{4F1B1451-394A-4788-A98C-A77DB74D53FB}.Release|Any CPU.ActiveCfg = Release|Any CPU
		{4F1B1451-394A-4788-A98C-A77DB74D53FB}.Release|Any CPU.Build.0 = Release|Any CPU
		{4F1B1451-394A-4788-A98C-A77DB74D53FB}.Release|x64.ActiveCfg = Release|Any CPU
		{4F1B1451-394A-4788-A98C-A77DB74D53FB}.Release|x64.Build.0 = Release|Any CPU
		{4F1B1451-394A-4788-A98C-A77DB74D53FB}.Release|x86.ActiveCfg = Release|Any CPU
		{4F1B1451-394A-4788-A98C-A77DB74D53FB}.Release|x86.Build.0 = Release|Any CPU
		{E4B8017C-FA21-45A1-814E-D05E72D9C64E}.Debug|Any CPU.ActiveCfg = Debug|Any CPU
		{E4B8017C-FA21-45A1-814E-D05E72D9C64E}.Debug|Any CPU.Build.0 = Debug|Any CPU
		{E4B8017C-FA21-45A1-814E-D05E72D9C64E}.Debug|x64.ActiveCfg = Debug|Any CPU
		{E4B8017C-FA21-45A1-814E-D05E72D9C64E}.Debug|x64.Build.0 = Debug|Any CPU
		{E4B8017C-FA21-45A1-814E-D05E72D9C64E}.Debug|x86.ActiveCfg = Debug|Any CPU
		{E4B8017C-FA21-45A1-814E-D05E72D9C64E}.Debug|x86.Build.0 = Debug|Any CPU
		{E4B8017C-FA21-45A1-814E-D05E72D9C64E}.Release|Any CPU.ActiveCfg = Release|Any CPU
		{E4B8017C-FA21-45A1-814E-D05E72D9C64E}.Release|Any CPU.Build.0 = Release|Any CPU
		{E4B8017C-FA21-45A1-814E-D05E72D9C64E}.Release|x64.ActiveCfg = Release|Any CPU
		{E4B8017C-FA21-45A1-814E-D05E72D9C64E}.Release|x64.Build.0 = Release|Any CPU
		{E4B8017C-FA21-45A1-814E-D05E72D9C64E}.Release|x86.ActiveCfg = Release|Any CPU
		{E4B8017C-FA21-45A1-814E-D05E72D9C64E}.Release|x86.Build.0 = Release|Any CPU
		{5ECA2E38-AC94-4854-A782-1010CBBCD3D0}.Debug|Any CPU.ActiveCfg = Debug|Any CPU
		{5ECA2E38-AC94-4854-A782-1010CBBCD3D0}.Debug|Any CPU.Build.0 = Debug|Any CPU
		{5ECA2E38-AC94-4854-A782-1010CBBCD3D0}.Debug|x64.ActiveCfg = Debug|Any CPU
		{5ECA2E38-AC94-4854-A782-1010CBBCD3D0}.Debug|x64.Build.0 = Debug|Any CPU
		{5ECA2E38-AC94-4854-A782-1010CBBCD3D0}.Debug|x86.ActiveCfg = Debug|Any CPU
		{5ECA2E38-AC94-4854-A782-1010CBBCD3D0}.Debug|x86.Build.0 = Debug|Any CPU
		{5ECA2E38-AC94-4854-A782-1010CBBCD3D0}.Release|Any CPU.ActiveCfg = Release|Any CPU
		{5ECA2E38-AC94-4854-A782-1010CBBCD3D0}.Release|Any CPU.Build.0 = Release|Any CPU
		{5ECA2E38-AC94-4854-A782-1010CBBCD3D0}.Release|x64.ActiveCfg = Release|Any CPU
		{5ECA2E38-AC94-4854-A782-1010CBBCD3D0}.Release|x64.Build.0 = Release|Any CPU
		{5ECA2E38-AC94-4854-A782-1010CBBCD3D0}.Release|x86.ActiveCfg = Release|Any CPU
		{5ECA2E38-AC94-4854-A782-1010CBBCD3D0}.Release|x86.Build.0 = Release|Any CPU
	EndGlobalSection
	GlobalSection(SolutionProperties) = preSolution
		HideSolutionNode = FALSE
	EndGlobalSection
EndGlobal
